
Microsoft Visual Studio Solution File, Format Version 12.00
# Visual Studio Version 16
VisualStudioVersion = 16.0.31911.196
MinimumVisualStudioVersion = 10.0.40219.1
Project("{9A19103F-16F7-4668-BE54-9A1E7A4F7556}") = "OnlineShop.Api", "OnlineShop.Api\OnlineShop.Api.csproj", "{CC38D628-3CE6-4A73-AB3A-3FDCB032B1C3}"
EndProject
Project("{FAE04EC0-301F-11D3-BF4B-00C04F79EFBC}") = "OnlineShop.Repository", "OnlineShop.Repository\OnlineShop.Repository.csproj", "{C5DD0975-B7BA-42F9-B846-748AF9A4A252}"
EndProject
Project("{FAE04EC0-301F-11D3-BF4B-00C04F79EFBC}") = "OnlineShop.Service", "OnlineShop.Service\OnlineShop.Service.csproj", "{74C70EA6-6DEE-4A52-B321-18C23A487B09}"
EndProject
Global
	GlobalSection(SolutionConfigurationPlatforms) = preSolution
		Debug|Any CPU = Debug|Any CPU
		Release|Any CPU = Release|Any CPU
	EndGlobalSection
	GlobalSection(ProjectConfigurationPlatforms) = postSolution
		{CC38D628-3CE6-4A73-AB3A-3FDCB032B1C3}.Debug|Any CPU.ActiveCfg = Debug|Any CPU
		{CC38D628-3CE6-4A73-AB3A-3FDCB032B1C3}.Debug|Any CPU.Build.0 = Debug|Any CPU
		{CC38D628-3CE6-4A73-AB3A-3FDCB032B1C3}.Release|Any CPU.ActiveCfg = Release|Any CPU
		{CC38D628-3CE6-4A73-AB3A-3FDCB032B1C3}.Release|Any CPU.Build.0 = Release|Any CPU
		{C5DD0975-B7BA-42F9-B846-748AF9A4A252}.Debug|Any CPU.ActiveCfg = Debug|Any CPU
		{C5DD0975-B7BA-42F9-B846-748AF9A4A252}.Debug|Any CPU.Build.0 = Debug|Any CPU
		{C5DD0975-B7BA-42F9-B846-748AF9A4A252}.Release|Any CPU.ActiveCfg = Release|Any CPU
		{C5DD0975-B7BA-42F9-B846-748AF9A4A252}.Release|Any CPU.Build.0 = Release|Any CPU
		{74C70EA6-6DEE-4A52-B321-18C23A487B09}.Debug|Any CPU.ActiveCfg = Debug|Any CPU
		{74C70EA6-6DEE-4A52-B321-18C23A487B09}.Debug|Any CPU.Build.0 = Debug|Any CPU
		{74C70EA6-6DEE-4A52-B321-18C23A487B09}.Release|Any CPU.ActiveCfg = Release|Any CPU
		{74C70EA6-6DEE-4A52-B321-18C23A487B09}.Release|Any CPU.Build.0 = Release|Any CPU
	EndGlobalSection
	GlobalSection(SolutionProperties) = preSolution
		HideSolutionNode = FALSE
	EndGlobalSection
	GlobalSection(ExtensibilityGlobals) = postSolution
		SolutionGuid = {D1FD180B-2236-4DF0-BF25-0F81729FE4D1}
	EndGlobalSection
EndGlobal
